
Microsoft Visual Studio Solution File, Format Version 12.00
# Visual Studio Version 17
VisualStudioVersion = 17.9.34728.123
MinimumVisualStudioVersion = 10.0.40219.1
Project("{FAE04EC0-301F-11D3-BF4B-00C04F79EFBC}") = "OnlineExamination.DataAccess", "OnlineExamination.DataAccess\OnlineExamination.DataAccess.csproj", "{4C35DA92-25CB-4896-95F1-7E4DF7A6CCAC}"
EndProject
Project("{FAE04EC0-301F-11D3-BF4B-00C04F79EFBC}") = "OnlineExaminationViewModels", "OnlineExaminationViewModels\OnlineExaminationViewModels.csproj", "{9309F35D-F0D3-4B24-89A0-1AA07E557854}"
EndProject
Global
	GlobalSection(SolutionConfigurationPlatforms) = preSolution
		Debug|Any CPU = Debug|Any CPU
		Release|Any CPU = Release|Any CPU
	EndGlobalSection
	GlobalSection(ProjectConfigurationPlatforms) = postSolution
		{4C35DA92-25CB-4896-95F1-7E4DF7A6CCAC}.Debug|Any CPU.ActiveCfg = Debug|Any CPU
		{4C35DA92-25CB-4896-95F1-7E4DF7A6CCAC}.Debug|Any CPU.Build.0 = Debug|Any CPU
		{4C35DA92-25CB-4896-95F1-7E4DF7A6CCAC}.Release|Any CPU.ActiveCfg = Release|Any CPU
		{4C35DA92-25CB-4896-95F1-7E4DF7A6CCAC}.Release|Any CPU.Build.0 = Release|Any CPU
		{9309F35D-F0D3-4B24-89A0-1AA07E557854}.Debug|Any CPU.ActiveCfg = Debug|Any CPU
		{9309F35D-F0D3-4B24-89A0-1AA07E557854}.Debug|Any CPU.Build.0 = Debug|Any CPU
		{9309F35D-F0D3-4B24-89A0-1AA07E557854}.Release|Any CPU.ActiveCfg = Release|Any CPU
		{9309F35D-F0D3-4B24-89A0-1AA07E557854}.Release|Any CPU.Build.0 = Release|Any CPU
	EndGlobalSection
	GlobalSection(SolutionProperties) = preSolution
		HideSolutionNode = FALSE
	EndGlobalSection
	GlobalSection(ExtensibilityGlobals) = postSolution
		SolutionGuid = {6325E2C4-A5AE-4664-8C9E-2409CF909486}
	EndGlobalSection
EndGlobal
